
Microsoft Visual Studio Solution File, Format Version 12.00
# Visual Studio Version 17
VisualStudioVersion = 17.13.35931.197
MinimumVisualStudioVersion = 10.0.40219.1
Project("{F184B08F-C81C-45F6-A57F-5ABD9991F28F}") = "Editeur-Chorégraphique-ASL-FFE", "Editeur-Chorégraphique-ASL-FFE\Editeur-Chorégraphique-ASL-FFE.vbproj", "{F6A440C8-2E4C-4A21-A174-A4A051645B5C}"
EndProject
Global
	GlobalSection(SolutionConfigurationPlatforms) = preSolution
		Debug|Any CPU = Debug|Any CPU
		Release|Any CPU = Release|Any CPU
	EndGlobalSection
	GlobalSection(ProjectConfigurationPlatforms) = postSolution
		{F6A440C8-2E4C-4A21-A174-A4A051645B5C}.Debug|Any CPU.ActiveCfg = Debug|Any CPU
		{F6A440C8-2E4C-4A21-A174-A4A051645B5C}.Debug|Any CPU.Build.0 = Debug|Any CPU
		{F6A440C8-2E4C-4A21-A174-A4A051645B5C}.Release|Any CPU.ActiveCfg = Release|Any CPU
		{F6A440C8-2E4C-4A21-A174-A4A051645B5C}.Release|Any CPU.Build.0 = Release|Any CPU
	EndGlobalSection
	GlobalSection(SolutionProperties) = preSolution
		HideSolutionNode = FALSE
	EndGlobalSection
	GlobalSection(ExtensibilityGlobals) = postSolution
		SolutionGuid = {8953E49A-B339-40AA-A4B7-9CC27244D1DE}
	EndGlobalSection
EndGlobal
